
Microsoft Visual Studio Solution File, Format Version 12.00
# Visual Studio Version 17
VisualStudioVersion = 17.4.33110.190
MinimumVisualStudioVersion = 10.0.40219.1
Project("{FAE04EC0-301F-11D3-BF4B-00C04F79EFBC}") = "Save_The_Humans", "Save_The_Humans\Save_The_Humans.csproj", "{3DF81C4E-89B1-4CD0-A6C0-00EF2997983F}"
EndProject
Global
	GlobalSection(SolutionConfigurationPlatforms) = preSolution
		Debug|ARM = Debug|ARM
		Debug|ARM64 = Debug|ARM64
		Debug|x64 = Debug|x64
		Debug|x86 = Debug|x86
		Release|ARM = Release|ARM
		Release|ARM64 = Release|ARM64
		Release|x64 = Release|x64
		Release|x86 = Release|x86
	EndGlobalSection
	GlobalSection(ProjectConfigurationPlatforms) = postSolution
		{3DF81C4E-89B1-4CD0-A6C0-00EF2997983F}.Debug|ARM.ActiveCfg = Debug|ARM
		{3DF81C4E-89B1-4CD0-A6C0-00EF2997983F}.Debug|ARM.Build.0 = Debug|ARM
		{3DF81C4E-89B1-4CD0-A6C0-00EF2997983F}.Debug|ARM.Deploy.0 = Debug|ARM
		{3DF81C4E-89B1-4CD0-A6C0-00EF2997983F}.Debug|ARM64.ActiveCfg = Debug|ARM64
		{3DF81C4E-89B1-4CD0-A6C0-00EF2997983F}.Debug|ARM64.Build.0 = Debug|ARM64
		{3DF81C4E-89B1-4CD0-A6C0-00EF2997983F}.Debug|ARM64.Deploy.0 = Debug|ARM64
		{3DF81C4E-89B1-4CD0-A6C0-00EF2997983F}.Debug|x64.ActiveCfg = Debug|x64
		{3DF81C4E-89B1-4CD0-A6C0-00EF2997983F}.Debug|x64.Build.0 = Debug|x64
		{3DF81C4E-89B1-4CD0-A6C0-00EF2997983F}.Debug|x64.Deploy.0 = Debug|x64
		{3DF81C4E-89B1-4CD0-A6C0-00EF2997983F}.Debug|x86.ActiveCfg = Debug|x86
		{3DF81C4E-89B1-4CD0-A6C0-00EF2997983F}.Debug|x86.Build.0 = Debug|x86
		{3DF81C4E-89B1-4CD0-A6C0-00EF2997983F}.Debug|x86.Deploy.0 = Debug|x86
		{3DF81C4E-89B1-4CD0-A6C0-00EF2997983F}.Release|ARM.ActiveCfg = Release|ARM
		{3DF81C4E-89B1-4CD0-A6C0-00EF2997983F}.Release|ARM.Build.0 = Release|ARM
		{3DF81C4E-89B1-4CD0-A6C0-00EF2997983F}.Release|ARM.Deploy.0 = Release|ARM
		{3DF81C4E-89B1-4CD0-A6C0-00EF2997983F}.Release|ARM64.ActiveCfg = Release|ARM64
		{3DF81C4E-89B1-4CD0-A6C0-00EF2997983F}.Release|ARM64.Build.0 = Release|ARM64
		{3DF81C4E-89B1-4CD0-A6C0-00EF2997983F}.Release|ARM64.Deploy.0 = Release|ARM64
		{3DF81C4E-89B1-4CD0-A6C0-00EF2997983F}.Release|x64.ActiveCfg = Release|x64
		{3DF81C4E-89B1-4CD0-A6C0-00EF2997983F}.Release|x64.Build.0 = Release|x64
		{3DF81C4E-89B1-4CD0-A6C0-00EF2997983F}.Release|x64.Deploy.0 = Release|x64
		{3DF81C4E-89B1-4CD0-A6C0-00EF2997983F}.Release|x86.ActiveCfg = Release|x86
		{3DF81C4E-89B1-4CD0-A6C0-00EF2997983F}.Release|x86.Build.0 = Release|x86
		{3DF81C4E-89B1-4CD0-A6C0-00EF2997983F}.Release|x86.Deploy.0 = Release|x86
	EndGlobalSection
	GlobalSection(SolutionProperties) = preSolution
		HideSolutionNode = FALSE
	EndGlobalSection
	GlobalSection(ExtensibilityGlobals) = postSolution
		SolutionGuid = {C2EBF522-9AE2-4BB2-956D-410F5C351A60}
	EndGlobalSection
EndGlobal
